// !$*UTF8*$!
{
	archiveVersion = 1;
	classes = {
	};
	objectVersion = 77;
	objects = {

/* Begin PBXBuildFile section */
		0D9C7DDE2DED841100C27894 /* CoreGPX in Frameworks */ = {isa = PBXBuildFile; productRef = 0D9C7DDD2DED841100C27894 /* CoreGPX */; };
/* End PBXBuildFile section */

/* Begin PBXContainerItemProxy section */
		0D0B881F2DDE8F0E00E0A5E4 /* PBXContainerItemProxy */ = {
			isa = PBXContainerItemProxy;
			containerPortal = 0D0B88062DDE8F0D00E0A5E4 /* Project object */;
			proxyType = 1;
			remoteGlobalIDString = 0D0B880D2DDE8F0D00E0A5E4;
			remoteInfo = PacerBrain;
		};
		0D0B88292DDE8F0E00E0A5E4 /* PBXContainerItemProxy */ = {
			isa = PBXContainerItemProxy;
			containerPortal = 0D0B88062DDE8F0D00E0A5E4 /* Project object */;
			proxyType = 1;
			remoteGlobalIDString = 0D0B880D2DDE8F0D00E0A5E4;
			remoteInfo = PacerBrain;
		};
/* End PBXContainerItemProxy section */

/* Begin PBXFileReference section */
		0D0B880E2DDE8F0D00E0A5E4 /* PacerBrain.app */ = {isa = PBXFileReference; explicitFileType = wrapper.application; includeInIndex = 0; path = PacerBrain.app; sourceTree = BUILT_PRODUCTS_DIR; };
		0D0B881E2DDE8F0E00E0A5E4 /* PacerBrainTests.xctest */ = {isa = PBXFileReference; explicitFileType = wrapper.cfbundle; includeInIndex = 0; path = PacerBrainTests.xctest; sourceTree = BUILT_PRODUCTS_DIR; };
		0D0B88282DDE8F0E00E0A5E4 /* PacerBrainUITests.xctest */ = {isa = PBXFileReference; explicitFileType = wrapper.cfbundle; includeInIndex = 0; path = PacerBrainUITests.xctest; sourceTree = BUILT_PRODUCTS_DIR; };
/* End PBXFileReference section */

/* Begin PBXFileSystemSynchronizedRootGroup section */
		0D0B88102DDE8F0D00E0A5E4 /* PacerBrain */ = {
			isa = PBXFileSystemSynchronizedRootGroup;
			path = PacerBrain;
			sourceTree = "<group>";
		};
		0D0B88212DDE8F0E00E0A5E4 /* PacerBrainTests */ = {
			isa = PBXFileSystemSynchronizedRootGroup;
			path = PacerBrainTests;
			sourceTree = "<group>";
		};
		0D0B882B2DDE8F0E00E0A5E4 /* PacerBrainUITests */ = {
			isa = PBXFileSystemSynchronizedRootGroup;
			path = PacerBrainUITests;
			sourceTree = "<group>";
		};
/* End PBXFileSystemSynchronizedRootGroup section */

/* Begin PBXFrameworksBuildPhase section */
		0D0B880B2DDE8F0D00E0A5E4 /* Frameworks */ = {
			isa = PBXFrameworksBuildPhase;
			buildActionMask = 2147483647;
			files = (
				0D9C7DDE2DED841100C27894 /* CoreGPX in Frameworks */,
			);
			runOnlyForDeploymentPostprocessing = 0;
		};
		0D0B881B2DDE8F0E00E0A5E4 /* Frameworks */ = {
			isa = PBXFrameworksBuildPhase;
			buildActionMask = 2147483647;
			files = (
			);
			runOnlyForDeploymentPostprocessing = 0;
		};
		0D0B88252DDE8F0E00E0A5E4 /* Frameworks */ = {
			isa = PBXFrameworksBuildPhase;
			buildActionMask = 2147483647;
			files = (
			);
			runOnlyForDeploymentPostprocessing = 0;
		};
/* End PBXFrameworksBuildPhase section */

/* Begin PBXGroup section */
		0D0B88052DDE8F0D00E0A5E4 = {
			isa = PBXGroup;
			children = (
				0D0B88102DDE8F0D00E0A5E4 /* PacerBrain */,
				0D0B88212DDE8F0E00E0A5E4 /* PacerBrainTests */,
				0D0B882B2DDE8F0E00E0A5E4 /* PacerBrainUITests */,
				0D9C7DDC2DED841100C27894 /* Frameworks */,
				0D0B880F2DDE8F0D00E0A5E4 /* Products */,
			);
			sourceTree = "<group>";
		};
		0D0B880F2DDE8F0D00E0A5E4 /* Products */ = {
			isa = PBXGroup;
			children = (
				0D0B880E2DDE8F0D00E0A5E4 /* PacerBrain.app */,
				0D0B881E2DDE8F0E00E0A5E4 /* PacerBrainTests.xctest */,
				0D0B88282DDE8F0E00E0A5E4 /* PacerBrainUITests.xctest */,
			);
			name = Products;
			sourceTree = "<group>";
		};
		0D9C7DDC2DED841100C27894 /* Frameworks */ = {
			isa = PBXGroup;
			children = (
			);
			name = Frameworks;
			sourceTree = "<group>";
		};
/* End PBXGroup section */

/* Begin PBXNativeTarget section */
		0D0B880D2DDE8F0D00E0A5E4 /* PacerBrain */ = {
			isa = PBXNativeTarget;
			buildConfigurationList = 0D0B88322DDE8F0E00E0A5E4 /* Build configuration list for PBXNativeTarget "PacerBrain" */;
			buildPhases = (
				0D0B880A2DDE8F0D00E0A5E4 /* Sources */,
				0D0B880B2DDE8F0D00E0A5E4 /* Frameworks */,
				0D0B880C2DDE8F0D00E0A5E4 /* Resources */,
			);
			buildRules = (
			);
			dependencies = (
				0D9C7DDB2DED83D400C27894 /* PBXTargetDependency */,
			);
			fileSystemSynchronizedGroups = (
				0D0B88102DDE8F0D00E0A5E4 /* PacerBrain */,
			);
			name = PacerBrain;
			packageProductDependencies = (
				0D9C7DDD2DED841100C27894 /* CoreGPX */,
			);
			productName = PacerBrain;
			productReference = 0D0B880E2DDE8F0D00E0A5E4 /* PacerBrain.app */;
			productType = "com.apple.product-type.application";
		};
		0D0B881D2DDE8F0E00E0A5E4 /* PacerBrainTests */ = {
			isa = PBXNativeTarget;
			buildConfigurationList = 0D0B88352DDE8F0E00E0A5E4 /* Build configuration list for PBXNativeTarget "PacerBrainTests" */;
			buildPhases = (
				0D0B881A2DDE8F0E00E0A5E4 /* Sources */,
				0D0B881B2DDE8F0E00E0A5E4 /* Frameworks */,
				0D0B881C2DDE8F0E00E0A5E4 /* Resources */,
			);
			buildRules = (
			);
			dependencies = (
				0D0B88202DDE8F0E00E0A5E4 /* PBXTargetDependency */,
			);
			fileSystemSynchronizedGroups = (
				0D0B88212DDE8F0E00E0A5E4 /* PacerBrainTests */,
			);
			name = PacerBrainTests;
			packageProductDependencies = (
			);
			productName = PacerBrainTests;
			productReference = 0D0B881E2DDE8F0E00E0A5E4 /* PacerBrainTests.xctest */;
			productType = "com.apple.product-type.bundle.unit-test";
		};
		0D0B88272DDE8F0E00E0A5E4 /* PacerBrainUITests */ = {
			isa = PBXNativeTarget;
			buildConfigurationList = 0D0B88382DDE8F0E00E0A5E4 /* Build configuration list for PBXNativeTarget "PacerBrainUITests" */;
			buildPhases = (
				0D0B88242DDE8F0E00E0A5E4 /* Sources */,
				0D0B88252DDE8F0E00E0A5E4 /* Frameworks */,
				0D0B88262DDE8F0E00E0A5E4 /* Resources */,
			);
			buildRules = (
			);
			dependencies = (
				0D0B882A2DDE8F0E00E0A5E4 /* PBXTargetDependency */,
			);
			fileSystemSynchronizedGroups = (
				0D0B882B2DDE8F0E00E0A5E4 /* PacerBrainUITests */,
			);
			name = PacerBrainUITests;
			packageProductDependencies = (
			);
			productName = PacerBrainUITests;
			productReference = 0D0B88282DDE8F0E00E0A5E4 /* PacerBrainUITests.xctest */;
			productType = "com.apple.product-type.bundle.ui-testing";
		};
/* End PBXNativeTarget section */

/* Begin PBXProject section */
		0D0B88062DDE8F0D00E0A5E4 /* Project object */ = {
			isa = PBXProject;
			attributes = {
				BuildIndependentTargetsInParallel = 1;
				LastSwiftUpdateCheck = 1630;
				LastUpgradeCheck = 1630;
				TargetAttributes = {
					0D0B880D2DDE8F0D00E0A5E4 = {
						CreatedOnToolsVersion = 16.3;
					};
					0D0B881D2DDE8F0E00E0A5E4 = {
						CreatedOnToolsVersion = 16.3;
						TestTargetID = 0D0B880D2DDE8F0D00E0A5E4;
					};
					0D0B88272DDE8F0E00E0A5E4 = {
						CreatedOnToolsVersion = 16.3;
						TestTargetID = 0D0B880D2DDE8F0D00E0A5E4;
					};
				};
			};
			buildConfigurationList = 0D0B88092DDE8F0D00E0A5E4 /* Build configuration list for PBXProject "PacerBrain" */;
			developmentRegion = en;
			hasScannedForEncodings = 0;
			knownRegions = (
				en,
				Base,
			);
			mainGroup = 0D0B88052DDE8F0D00E0A5E4;
			minimizedProjectReferenceProxies = 1;
			packageReferences = (
				0D0B8A152DED820900E0A5E4 /* XCRemoteSwiftPackageReference "CoreGPX" */,
			);
			preferredProjectObjectVersion = 77;
			productRefGroup = 0D0B880F2DDE8F0D00E0A5E4 /* Products */;
			projectDirPath = "";
			projectRoot = "";
			targets = (
				0D0B880D2DDE8F0D00E0A5E4 /* PacerBrain */,
				0D0B881D2DDE8F0E00E0A5E4 /* PacerBrainTests */,
				0D0B88272DDE8F0E00E0A5E4 /* PacerBrainUITests */,
			);
		};
/* End PBXProject section */

/* Begin PBXResourcesBuildPhase section */
		0D0B880C2DDE8F0D00E0A5E4 /* Resources */ = {
			isa = PBXResourcesBuildPhase;
			buildActionMask = 2147483647;
			files = (
			);
			runOnlyForDeploymentPostprocessing = 0;
		};
		0D0B881C2DDE8F0E00E0A5E4 /* Resources */ = {
			isa = PBXResourcesBuildPhase;
			buildActionMask = 2147483647;
			files = (
			);
			runOnlyForDeploymentPostprocessing = 0;
		};
		0D0B88262DDE8F0E00E0A5E4 /* Resources */ = {
			isa = PBXResourcesBuildPhase;
			buildActionMask = 2147483647;
			files = (
			);
			runOnlyForDeploymentPostprocessing = 0;
		};
/* End PBXResourcesBuildPhase section */

/* Begin PBXSourcesBuildPhase section */
		0D0B880A2DDE8F0D00E0A5E4 /* Sources */ = {
			isa = PBXSourcesBuildPhase;
			buildActionMask = 2147483647;
			files = (
			);
			runOnlyForDeploymentPostprocessing = 0;
		};
		0D0B881A2DDE8F0E00E0A5E4 /* Sources */ = {
			isa = PBXSourcesBuildPhase;
			buildActionMask = 2147483647;
			files = (
			);
			runOnlyForDeploymentPostprocessing = 0;
		};
		0D0B88242DDE8F0E00E0A5E4 /* Sources */ = {
			isa = PBXSourcesBuildPhase;
			buildActionMask = 2147483647;
			files = (
			);
			runOnlyForDeploymentPostprocessing = 0;
		};
/* End PBXSourcesBuildPhase section */

/* Begin PBXTargetDependency section */
		0D0B88202DDE8F0E00E0A5E4 /* PBXTargetDependency */ = {
			isa = PBXTargetDependency;
			target = 0D0B880D2DDE8F0D00E0A5E4 /* PacerBrain */;
			targetProxy = 0D0B881F2DDE8F0E00E0A5E4 /* PBXContainerItemProxy */;
		};
		0D0B882A2DDE8F0E00E0A5E4 /* PBXTargetDependency */ = {
			isa = PBXTargetDependency;
			target = 0D0B880D2DDE8F0D00E0A5E4 /* PacerBrain */;
			targetProxy = 0D0B88292DDE8F0E00E0A5E4 /* PBXContainerItemProxy */;
		};
		0D9C7DDB2DED83D400C27894 /* PBXTargetDependency */ = {
			isa = PBXTargetDependency;
			productRef = 0D9C7DDA2DED83D400C27894 /* CoreGPX */;
		};
/* End PBXTargetDependency section */

/* Begin XCBuildConfiguration section */
		0D0B88302DDE8F0E00E0A5E4 /* Debug */ = {
			isa = XCBuildConfiguration;
			buildSettings = {
				ALWAYS_SEARCH_USER_PATHS = NO;
				ASSETCATALOG_COMPILER_GENERATE_SWIFT_ASSET_SYMBOL_EXTENSIONS = YES;
				CLANG_ANALYZER_NONNULL = YES;
				CLANG_ANALYZER_NUMBER_OBJECT_CONVERSION = YES_AGGRESSIVE;
				CLANG_CXX_LANGUAGE_STANDARD = "gnu++20";
				CLANG_ENABLE_MODULES = YES;
				CLANG_ENABLE_OBJC_ARC = YES;
				CLANG_ENABLE_OBJC_WEAK = YES;
				CLANG_WARN_BLOCK_CAPTURE_AUTORELEASING = YES;
				CLANG_WARN_BOOL_CONVERSION = YES;
				CLANG_WARN_COMMA = YES;
				CLANG_WARN_CONSTANT_CONVERSION = YES;
				CLANG_WARN_DEPRECATED_OBJC_IMPLEMENTATIONS = YES;
				CLANG_WARN_DIRECT_OBJC_ISA_USAGE = YES_ERROR;
				CLANG_WARN_DOCUMENTATION_COMMENTS = YES;
				CLANG_WARN_EMPTY_BODY = YES;
				CLANG_WARN_ENUM_CONVERSION = YES;
				CLANG_WARN_INFINITE_RECURSION = YES;
				CLANG_WARN_INT_CONVERSION = YES;
				CLANG_WARN_NON_LITERAL_NULL_CONVERSION = YES;
				CLANG_WARN_OBJC_IMPLICIT_RETAIN_SELF = YES;
				CLANG_WARN_OBJC_LITERAL_CONVERSION = YES;
				CLANG_WARN_OBJC_ROOT_CLASS = YES_ERROR;
				CLANG_WARN_QUOTED_INCLUDE_IN_FRAMEWORK_HEADER = YES;
				CLANG_WARN_RANGE_LOOP_ANALYSIS = YES;
				CLANG_WARN_STRICT_PROTOTYPES = YES;
				CLANG_WARN_SUSPICIOUS_MOVE = YES;
				CLANG_WARN_UNGUARDED_AVAILABILITY = YES_AGGRESSIVE;
				CLANG_WARN_UNREACHABLE_CODE = YES;
				CLANG_WARN__DUPLICATE_METHOD_MATCH = YES;
				COPY_PHASE_STRIP = NO;
				DEBUG_INFORMATION_FORMAT = dwarf;
				DEVELOPMENT_TEAM = PZD37LHH83;
				ENABLE_STRICT_OBJC_MSGSEND = YES;
				ENABLE_TESTABILITY = YES;
				ENABLE_USER_SCRIPT_SANDBOXING = YES;
				GCC_C_LANGUAGE_STANDARD = gnu17;
				GCC_DYNAMIC_NO_PIC = NO;
				GCC_NO_COMMON_BLOCKS = YES;
				GCC_OPTIMIZATION_LEVEL = 0;
				GCC_PREPROCESSOR_DEFINITIONS = (
					"DEBUG=1",
					"$(inherited)",
				);
				GCC_WARN_64_TO_32_BIT_CONVERSION = YES;
				GCC_WARN_ABOUT_RETURN_TYPE = YES_ERROR;
				GCC_WARN_UNDECLARED_SELECTOR = YES;
				GCC_WARN_UNINITIALIZED_AUTOS = YES_AGGRESSIVE;
				GCC_WARN_UNUSED_FUNCTION = YES;
				GCC_WARN_UNUSED_VARIABLE = YES;
				LOCALIZATION_PREFERS_STRING_CATALOGS = YES;
				MTL_ENABLE_DEBUG_INFO = INCLUDE_SOURCE;
				MTL_FAST_MATH = YES;
				ONLY_ACTIVE_ARCH = YES;
				SWIFT_ACTIVE_COMPILATION_CONDITIONS = "DEBUG $(inherited)";
				SWIFT_OPTIMIZATION_LEVEL = "-Onone";
			};
			name = Debug;
		};
		0D0B88312DDE8F0E00E0A5E4 /* Release */ = {
			isa = XCBuildConfiguration;
			buildSettings = {
				ALWAYS_SEARCH_USER_PATHS = NO;
				ASSETCATALOG_COMPILER_GENERATE_SWIFT_ASSET_SYMBOL_EXTENSIONS = YES;
				CLANG_ANALYZER_NONNULL = YES;
				CLANG_ANALYZER_NUMBER_OBJECT_CONVERSION = YES_AGGRESSIVE;
				CLANG_CXX_LANGUAGE_STANDARD = "gnu++20";
				CLANG_ENABLE_MODULES = YES;
				CLANG_ENABLE_OBJC_ARC = YES;
				CLANG_ENABLE_OBJC_WEAK = YES;
				CLANG_WARN_BLOCK_CAPTURE_AUTORELEASING = YES;
				CLANG_WARN_BOOL_CONVERSION = YES;
				CLANG_WARN_COMMA = YES;
				CLANG_WARN_CONSTANT_CONVERSION = YES;
				CLANG_WARN_DEPRECATED_OBJC_IMPLEMENTATIONS = YES;
				CLANG_WARN_DIRECT_OBJC_ISA_USAGE = YES_ERROR;
				CLANG_WARN_DOCUMENTATION_COMMENTS = YES;
				CLANG_WARN_EMPTY_BODY = YES;
				CLANG_WARN_ENUM_CONVERSION = YES;
				CLANG_WARN_INFINITE_RECURSION = YES;
				CLANG_WARN_INT_CONVERSION = YES;
				CLANG_WARN_NON_LITERAL_NULL_CONVERSION = YES;
				CLANG_WARN_OBJC_IMPLICIT_RETAIN_SELF = YES;
				CLANG_WARN_OBJC_LITERAL_CONVERSION = YES;
				CLANG_WARN_OBJC_ROOT_CLASS = YES_ERROR;
				CLANG_WARN_QUOTED_INCLUDE_IN_FRAMEWORK_HEADER = YES;
				CLANG_WARN_RANGE_LOOP_ANALYSIS = YES;
				CLANG_WARN_STRICT_PROTOTYPES = YES;
				CLANG_WARN_SUSPICIOUS_MOVE = YES;
				CLANG_WARN_UNGUARDED_AVAILABILITY = YES_AGGRESSIVE;
				CLANG_WARN_UNREACHABLE_CODE = YES;
				CLANG_WARN__DUPLICATE_METHOD_MATCH = YES;
				COPY_PHASE_STRIP = NO;
				DEBUG_INFORMATION_FORMAT = "dwarf-with-dsym";
				DEVELOPMENT_TEAM = PZD37LHH83;
				ENABLE_NS_ASSERTIONS = NO;
				ENABLE_STRICT_OBJC_MSGSEND = YES;
				ENABLE_USER_SCRIPT_SANDBOXING = YES;
				GCC_C_LANGUAGE_STANDARD = gnu17;
				GCC_NO_COMMON_BLOCKS = YES;
				GCC_WARN_64_TO_32_BIT_CONVERSION = YES;
				GCC_WARN_ABOUT_RETURN_TYPE = YES_ERROR;
				GCC_WARN_UNDECLARED_SELECTOR = YES;
				GCC_WARN_UNINITIALIZED_AUTOS = YES_AGGRESSIVE;
				GCC_WARN_UNUSED_FUNCTION = YES;
				GCC_WARN_UNUSED_VARIABLE = YES;
				LOCALIZATION_PREFERS_STRING_CATALOGS = YES;
				MTL_ENABLE_DEBUG_INFO = NO;
				MTL_FAST_MATH = YES;
				SWIFT_COMPILATION_MODE = wholemodule;
			};
			name = Release;
		};
		0D0B88332DDE8F0E00E0A5E4 /* Debug */ = {
			isa = XCBuildConfiguration;
			buildSettings = {
				ASSETCATALOG_COMPILER_APPICON_NAME = AppIcon;
				ASSETCATALOG_COMPILER_GLOBAL_ACCENT_COLOR_NAME = AccentColor;
				CODE_SIGN_ENTITLEMENTS = PacerBrain/PacerBrain.entitlements;
				CODE_SIGN_STYLE = Automatic;
				CURRENT_PROJECT_VERSION = 1;
				DEVELOPMENT_TEAM = PZD37LHH83;
				ENABLE_HARDENED_RUNTIME = YES;
				ENABLE_PREVIEWS = YES;
				GENERATE_INFOPLIST_FILE = YES;
				"INFOPLIST_KEY_UIApplicationSceneManifest_Generation[sdk=iphoneos*]" = YES;
				"INFOPLIST_KEY_UIApplicationSceneManifest_Generation[sdk=iphonesimulator*]" = YES;
				"INFOPLIST_KEY_UIApplicationSupportsIndirectInputEvents[sdk=iphoneos*]" = YES;
				"INFOPLIST_KEY_UIApplicationSupportsIndirectInputEvents[sdk=iphonesimulator*]" = YES;
				"INFOPLIST_KEY_UILaunchScreen_Generation[sdk=iphoneos*]" = YES;
				"INFOPLIST_KEY_UILaunchScreen_Generation[sdk=iphonesimulator*]" = YES;
				"INFOPLIST_KEY_UIStatusBarStyle[sdk=iphoneos*]" = UIStatusBarStyleDefault;
				"INFOPLIST_KEY_UIStatusBarStyle[sdk=iphonesimulator*]" = UIStatusBarStyleDefault;
				INFOPLIST_KEY_UISupportedInterfaceOrientations_iPad = "UIInterfaceOrientationPortrait UIInterfaceOrientationPortraitUpsideDown UIInterfaceOrientationLandscapeLeft UIInterfaceOrientationLandscapeRight";
				INFOPLIST_KEY_UISupportedInterfaceOrientations_iPhone = "UIInterfaceOrientationPortrait UIInterfaceOrientationLandscapeLeft UIInterfaceOrientationLandscapeRight";
				IPHONEOS_DEPLOYMENT_TARGET = 18.4;
				LD_RUNPATH_SEARCH_PATHS = "@executable_path/Frameworks";
				"LD_RUNPATH_SEARCH_PATHS[sdk=macosx*]" = "@executable_path/../Frameworks";
				MACOSX_DEPLOYMENT_TARGET = 14.0;
				MARKETING_VERSION = 1.0;
				PRODUCT_BUNDLE_IDENTIFIER = edu.stanford.cs193p.ndorn.PacerBrain;
				PRODUCT_NAME = "$(TARGET_NAME)";
				REGISTER_APP_GROUPS = YES;
				SDKROOT = auto;
				SUPPORTED_PLATFORMS = "iphoneos iphonesimulator macosx xros xrsimulator";
				SWIFT_EMIT_LOC_STRINGS = YES;
				SWIFT_VERSION = 5.0;
				TARGETED_DEVICE_FAMILY = "1,2,7";
				XROS_DEPLOYMENT_TARGET = 2.4;
			};
			name = Debug;
		};
		0D0B88342DDE8F0E00E0A5E4 /* Release */ = {
			isa = XCBuildConfiguration;
			buildSettings = {
				ASSETCATALOG_COMPILER_APPICON_NAME = AppIcon;
				ASSETCATALOG_COMPILER_GLOBAL_ACCENT_COLOR_NAME = AccentColor;
				CODE_SIGN_ENTITLEMENTS = PacerBrain/PacerBrain.entitlements;
				CODE_SIGN_STYLE = Automatic;
				CURRENT_PROJECT_VERSION = 1;
				DEVELOPMENT_TEAM = PZD37LHH83;
				ENABLE_HARDENED_RUNTIME = YES;
				ENABLE_PREVIEWS = YES;
				GENERATE_INFOPLIST_FILE = YES;
				"INFOPLIST_KEY_UIApplicationSceneManifest_Generation[sdk=iphoneos*]" = YES;
				"INFOPLIST_KEY_UIApplicationSceneManifest_Generation[sdk=iphonesimulator*]" = YES;
				"INFOPLIST_KEY_UIApplicationSupportsIndirectInputEvents[sdk=iphoneos*]" = YES;
				"INFOPLIST_KEY_UIApplicationSupportsIndirectInputEvents[sdk=iphonesimulator*]" = YES;
				"INFOPLIST_KEY_UILaunchScreen_Generation[sdk=iphoneos*]" = YES;
				"INFOPLIST_KEY_UILaunchScreen_Generation[sdk=iphonesimulator*]" = YES;
				"INFOPLIST_KEY_UIStatusBarStyle[sdk=iphoneos*]" = UIStatusBarStyleDefault;
				"INFOPLIST_KEY_UIStatusBarStyle[sdk=iphonesimulator*]" = UIStatusBarStyleDefault;
				INFOPLIST_KEY_UISupportedInterfaceOrientations_iPad = "UIInterfaceOrientationPortrait UIInterfaceOrientationPortraitUpsideDown UIInterfaceOrientationLandscapeLeft UIInterfaceOrientationLandscapeRight";
				INFOPLIST_KEY_UISupportedInterfaceOrientations_iPhone = "UIInterfaceOrientationPortrait UIInterfaceOrientationLandscapeLeft UIInterfaceOrientationLandscapeRight";
				IPHONEOS_DEPLOYMENT_TARGET = 18.4;
				LD_RUNPATH_SEARCH_PATHS = "@executable_path/Frameworks";
				"LD_RUNPATH_SEARCH_PATHS[sdk=macosx*]" = "@executable_path/../Frameworks";
				MACOSX_DEPLOYMENT_TARGET = 14.0;
				MARKETING_VERSION = 1.0;
				PRODUCT_BUNDLE_IDENTIFIER = edu.stanford.cs193p.ndorn.PacerBrain;
				PRODUCT_NAME = "$(TARGET_NAME)";
				REGISTER_APP_GROUPS = YES;
				SDKROOT = auto;
				SUPPORTED_PLATFORMS = "iphoneos iphonesimulator macosx xros xrsimulator";
				SWIFT_EMIT_LOC_STRINGS = YES;
				SWIFT_VERSION = 5.0;
				TARGETED_DEVICE_FAMILY = "1,2,7";
				XROS_DEPLOYMENT_TARGET = 2.4;
			};
			name = Release;
		};
		0D0B88362DDE8F0E00E0A5E4 /* Debug */ = {
			isa = XCBuildConfiguration;
			buildSettings = {
				BUNDLE_LOADER = "$(TEST_HOST)";
				CODE_SIGN_STYLE = Automatic;
				CURRENT_PROJECT_VERSION = 1;
				DEVELOPMENT_TEAM = PZD37LHH83;
				GENERATE_INFOPLIST_FILE = YES;
				IPHONEOS_DEPLOYMENT_TARGET = 18.4;
				MACOSX_DEPLOYMENT_TARGET = 15.4;
				MARKETING_VERSION = 1.0;
				PRODUCT_BUNDLE_IDENTIFIER = edu.stanford.cs193p.ndorn.PacerBrainTests;
				PRODUCT_NAME = "$(TARGET_NAME)";
				SDKROOT = auto;
				SUPPORTED_PLATFORMS = "iphoneos iphonesimulator macosx xros xrsimulator";
				SWIFT_EMIT_LOC_STRINGS = NO;
				SWIFT_VERSION = 5.0;
				TARGETED_DEVICE_FAMILY = "1,2,7";
				TEST_HOST = "$(BUILT_PRODUCTS_DIR)/PacerBrain.app/$(BUNDLE_EXECUTABLE_FOLDER_PATH)/PacerBrain";
				XROS_DEPLOYMENT_TARGET = 2.4;
			};
			name = Debug;
		};
		0D0B88372DDE8F0E00E0A5E4 /* Release */ = {
			isa = XCBuildConfiguration;
			buildSettings = {
				BUNDLE_LOADER = "$(TEST_HOST)";
				CODE_SIGN_STYLE = Automatic;
				CURRENT_PROJECT_VERSION = 1;
				DEVELOPMENT_TEAM = PZD37LHH83;
				GENERATE_INFOPLIST_FILE = YES;
				IPHONEOS_DEPLOYMENT_TARGET = 18.4;
				MACOSX_DEPLOYMENT_TARGET = 15.4;
				MARKETING_VERSION = 1.0;
				PRODUCT_BUNDLE_IDENTIFIER = edu.stanford.cs193p.ndorn.PacerBrainTests;
				PRODUCT_NAME = "$(TARGET_NAME)";
				SDKROOT = auto;
				SUPPORTED_PLATFORMS = "iphoneos iphonesimulator macosx xros xrsimulator";
				SWIFT_EMIT_LOC_STRINGS = NO;
				SWIFT_VERSION = 5.0;
				TARGETED_DEVICE_FAMILY = "1,2,7";
				TEST_HOST = "$(BUILT_PRODUCTS_DIR)/PacerBrain.app/$(BUNDLE_EXECUTABLE_FOLDER_PATH)/PacerBrain";
				XROS_DEPLOYMENT_TARGET = 2.4;
			};
			name = Release;
		};
		0D0B88392DDE8F0E00E0A5E4 /* Debug */ = {
			isa = XCBuildConfiguration;
			buildSettings = {
				CODE_SIGN_STYLE = Automatic;
				CURRENT_PROJECT_VERSION = 1;
				DEVELOPMENT_TEAM = PZD37LHH83;
				GENERATE_INFOPLIST_FILE = YES;
				IPHONEOS_DEPLOYMENT_TARGET = 18.4;
				MACOSX_DEPLOYMENT_TARGET = 15.4;
				MARKETING_VERSION = 1.0;
				PRODUCT_BUNDLE_IDENTIFIER = edu.stanford.cs193p.ndorn.PacerBrainUITests;
				PRODUCT_NAME = "$(TARGET_NAME)";
				SDKROOT = auto;
				SUPPORTED_PLATFORMS = "iphoneos iphonesimulator macosx xros xrsimulator";
				SWIFT_EMIT_LOC_STRINGS = NO;
				SWIFT_VERSION = 5.0;
				TARGETED_DEVICE_FAMILY = "1,2,7";
				TEST_TARGET_NAME = PacerBrain;
				XROS_DEPLOYMENT_TARGET = 2.4;
			};
			name = Debug;
		};
		0D0B883A2DDE8F0E00E0A5E4 /* Release */ = {
			isa = XCBuildConfiguration;
			buildSettings = {
				CODE_SIGN_STYLE = Automatic;
				CURRENT_PROJECT_VERSION = 1;
				DEVELOPMENT_TEAM = PZD37LHH83;
				GENERATE_INFOPLIST_FILE = YES;
				IPHONEOS_DEPLOYMENT_TARGET = 18.4;
				MACOSX_DEPLOYMENT_TARGET = 15.4;
				MARKETING_VERSION = 1.0;
				PRODUCT_BUNDLE_IDENTIFIER = edu.stanford.cs193p.ndorn.PacerBrainUITests;
				PRODUCT_NAME = "$(TARGET_NAME)";
				SDKROOT = auto;
				SUPPORTED_PLATFORMS = "iphoneos iphonesimulator macosx xros xrsimulator";
				SWIFT_EMIT_LOC_STRINGS = NO;
				SWIFT_VERSION = 5.0;
				TARGETED_DEVICE_FAMILY = "1,2,7";
				TEST_TARGET_NAME = PacerBrain;
				XROS_DEPLOYMENT_TARGET = 2.4;
			};
			name = Release;
		};
/* End XCBuildConfiguration section */

/* Begin XCConfigurationList section */
		0D0B88092DDE8F0D00E0A5E4 /* Build configuration list for PBXProject "PacerBrain" */ = {
			isa = XCConfigurationList;
			buildConfigurations = (
				0D0B88302DDE8F0E00E0A5E4 /* Debug */,
				0D0B88312DDE8F0E00E0A5E4 /* Release */,
			);
			defaultConfigurationIsVisible = 0;
			defaultConfigurationName = Release;
		};
		0D0B88322DDE8F0E00E0A5E4 /* Build configuration list for PBXNativeTarget "PacerBrain" */ = {
			isa = XCConfigurationList;
			buildConfigurations = (
				0D0B88332DDE8F0E00E0A5E4 /* Debug */,
				0D0B88342DDE8F0E00E0A5E4 /* Release */,
			);
			defaultConfigurationIsVisible = 0;
			defaultConfigurationName = Release;
		};
		0D0B88352DDE8F0E00E0A5E4 /* Build configuration list for PBXNativeTarget "PacerBrainTests" */ = {
			isa = XCConfigurationList;
			buildConfigurations = (
				0D0B88362DDE8F0E00E0A5E4 /* Debug */,
				0D0B88372DDE8F0E00E0A5E4 /* Release */,
			);
			defaultConfigurationIsVisible = 0;
			defaultConfigurationName = Release;
		};
		0D0B88382DDE8F0E00E0A5E4 /* Build configuration list for PBXNativeTarget "PacerBrainUITests" */ = {
			isa = XCConfigurationList;
			buildConfigurations = (
				0D0B88392DDE8F0E00E0A5E4 /* Debug */,
				0D0B883A2DDE8F0E00E0A5E4 /* Release */,
			);
			defaultConfigurationIsVisible = 0;
			defaultConfigurationName = Release;
		};
/* End XCConfigurationList section */

/* Begin XCRemoteSwiftPackageReference section */
		0D0B8A152DED820900E0A5E4 /* XCRemoteSwiftPackageReference "CoreGPX" */ = {
			isa = XCRemoteSwiftPackageReference;
			repositoryURL = "https://github.com/vincentneo/CoreGPX.git";
			requirement = {
				kind = upToNextMajorVersion;
				minimumVersion = 0.9.3;
			};
		};
/* End XCRemoteSwiftPackageReference section */

/* Begin XCSwiftPackageProductDependency section */
		0D9C7DDA2DED83D400C27894 /* CoreGPX */ = {
			isa = XCSwiftPackageProductDependency;
			package = 0D0B8A152DED820900E0A5E4 /* XCRemoteSwiftPackageReference "CoreGPX" */;
			productName = CoreGPX;
		};
		0D9C7DDD2DED841100C27894 /* CoreGPX */ = {
			isa = XCSwiftPackageProductDependency;
			package = 0D0B8A152DED820900E0A5E4 /* XCRemoteSwiftPackageReference "CoreGPX" */;
			productName = CoreGPX;
		};
/* End XCSwiftPackageProductDependency section */
	};
	rootObject = 0D0B88062DDE8F0D00E0A5E4 /* Project object */;
}
